Microsoft Visual Studio Solution File, Format Version 9.00
# Visual Studio 2005
Project("{FAE04EC0-301F-11D3-BF4B-00C04F79EFBC}") = "InteropTest", "InteropTest.csproj", "{FCBA984A-F7B8-40D8-A093-39B3F41047C3}"
	ProjectSection(ProjectDependencies) = postProject
		{0751253C-883D-4436-BBF4-0C56C553F850} = {0751253C-883D-4436-BBF4-0C56C553F850}
		{2DA06952-5061-493B-A2FF-F6C9A3235CCD} = {2DA06952-5061-493B-A2FF-F6C9A3235CCD}
	EndProjectSection
EndProject
Project("{FAE04EC0-301F-11D3-BF4B-00C04F79EFBC}") = "Idera.SQLsecure.Core.Interop", "..\..\Interop\Idera.SQLsecure.Core.Interop.csproj", "{2DA06952-5061-493B-A2FF-F6C9A3235CCD}"
EndProject
Project("{FAE04EC0-301F-11D3-BF4B-00C04F79EFBC}") = "Idera.SQLsecure.Core.Accounts", "..\..\Accounts\Idera.SQLsecure.Core.Accounts.csproj", "{0751253C-883D-4436-BBF4-0C56C553F850}"
	ProjectSection(ProjectDependencies) = postProject
		{2DA06952-5061-493B-A2FF-F6C9A3235CCD} = {2DA06952-5061-493B-A2FF-F6C9A3235CCD}
	EndProjectSection
EndProject
Global
	GlobalSection(SourceCodeControl) = preSolution
		SccNumberOfProjects = 4
		SccProjectName0 = InteropTest
		SccLocalPath0 = .
		SccProvider0 = MSSCCI:Perforce\u0020SCM
		SccProjectUniqueName1 = ..\\..\\Interop\\Idera.SQLsecure.Core.Interop.csproj
		SccProjectName1 = Idera.SQLsecure.Core
		SccLocalPath1 = ..\\..
		SccProjectFilePathRelativizedFromConnection1 = Interop\\
		SccProjectUniqueName2 = InteropTest.csproj
		SccLocalPath2 = .
		SccProjectUniqueName3 = ..\\..\\Accounts\\Idera.SQLsecure.Core.Accounts.csproj
		SccProjectName3 = Idera.SQLsecure.Core
		SccLocalPath3 = ..\\..
		SccProjectFilePathRelativizedFromConnection3 = Accounts\\
	EndGlobalSection
	GlobalSection(SolutionConfigurationPlatforms) = preSolution
		Debug|Any CPU = Debug|Any CPU
		Release|Any CPU = Release|Any CPU
	EndGlobalSection
	GlobalSection(ProjectConfigurationPlatforms) = postSolution
		{FCBA984A-F7B8-40D8-A093-39B3F41047C3}.Debug|Any CPU.ActiveCfg = Debug|Any CPU
		{FCBA984A-F7B8-40D8-A093-39B3F41047C3}.Debug|Any CPU.Build.0 = Debug|Any CPU
		{FCBA984A-F7B8-40D8-A093-39B3F41047C3}.Release|Any CPU.ActiveCfg = Release|Any CPU
		{FCBA984A-F7B8-40D8-A093-39B3F41047C3}.Release|Any CPU.Build.0 = Release|Any CPU
		{2DA06952-5061-493B-A2FF-F6C9A3235CCD}.Debug|Any CPU.ActiveCfg = Debug|Any CPU
		{2DA06952-5061-493B-A2FF-F6C9A3235CCD}.Debug|Any CPU.Build.0 = Debug|Any CPU
		{2DA06952-5061-493B-A2FF-F6C9A3235CCD}.Release|Any CPU.ActiveCfg = Release|Any CPU
		{2DA06952-5061-493B-A2FF-F6C9A3235CCD}.Release|Any CPU.Build.0 = Release|Any CPU
		{0751253C-883D-4436-BBF4-0C56C553F850}.Debug|Any CPU.ActiveCfg = Debug|Any CPU
		{0751253C-883D-4436-BBF4-0C56C553F850}.Debug|Any CPU.Build.0 = Debug|Any CPU
		{0751253C-883D-4436-BBF4-0C56C553F850}.Release|Any CPU.ActiveCfg = Release|Any CPU
		{0751253C-883D-4436-BBF4-0C56C553F850}.Release|Any CPU.Build.0 = Release|Any CPU
	EndGlobalSection
	GlobalSection(SolutionProperties) = preSolution
		HideSolutionNode = FALSE
	EndGlobalSection
EndGlobal
