Microsoft Visual Studio Solution File, Format Version 12.00
# Visual Studio 14
VisualStudioVersion = 14.0.25420.1
MinimumVisualStudioVersion = 10.0.40219.1
Project("{2150E333-8FDC-42A3-9474-1A3956D46DE8}") = "Solution Items", "Solution Items", "{F782A697-1D50-4947-8906-41E897EB7428}"
	ProjectSection(SolutionItems) = preProject
		GraphicsNeeded.txt = GraphicsNeeded.txt
		MenuToolBar.xls = MenuToolBar.xls
	EndProjectSection
EndProject
Project("{FAE04EC0-301F-11D3-BF4B-00C04F79EFBC}") = "Idera.SQLsecure.UI.Console", "Idera.SQLsecure.UI.Console.csproj", "{9340ECEC-DCF9-462E-97D7-A315B146689C}"
	ProjectSection(ProjectDependencies) = postProject
		{0751253C-883D-4436-BBF4-0C56C553F850} = {0751253C-883D-4436-BBF4-0C56C553F850}
		{2DA06952-5061-493B-A2FF-F6C9A3235CCD} = {2DA06952-5061-493B-A2FF-F6C9A3235CCD}
	EndProjectSection
EndProject
Project("{FAE04EC0-301F-11D3-BF4B-00C04F79EFBC}") = "Idera.SQLsecure.Core.Logger", "..\..\Core\Logger\Idera.SQLsecure.Core.Logger.csproj", "{459916BD-7353-4738-B6B0-8F29989AE5A6}"
EndProject
Project("{FAE04EC0-301F-11D3-BF4B-00C04F79EFBC}") = "Idera.SQLsecure.Core.Accounts", "..\..\Core\Accounts\Idera.SQLsecure.Core.Accounts.csproj", "{0751253C-883D-4436-BBF4-0C56C553F850}"
EndProject
Project("{FAE04EC0-301F-11D3-BF4B-00C04F79EFBC}") = "Idera.SQLsecure.Core.Interop", "..\..\Core\Interop\Idera.SQLsecure.Core.Interop.csproj", "{2DA06952-5061-493B-A2FF-F6C9A3235CCD}"
	ProjectSection(ProjectDependencies) = postProject
		{459916BD-7353-4738-B6B0-8F29989AE5A6} = {459916BD-7353-4738-B6B0-8F29989AE5A6}
	EndProjectSection
EndProject
Project("{FAE04EC0-301F-11D3-BF4B-00C04F79EFBC}") = "Repository", "..\Repository\Repository.csproj", "{5F13A047-5F47-40BD-A4D0-85B4FC130C97}"
EndProject
Global
	GlobalSection(SolutionConfigurationPlatforms) = preSolution
		Debug|Any CPU = Debug|Any CPU
		Debug|Mixed Platforms = Debug|Mixed Platforms
		Debug|Win32 = Debug|Win32
		Release|Any CPU = Release|Any CPU
		Release|Mixed Platforms = Release|Mixed Platforms
		Release|Win32 = Release|Win32
	EndGlobalSection
	GlobalSection(ProjectConfigurationPlatforms) = postSolution
		{9340ECEC-DCF9-462E-97D7-A315B146689C}.Debug|Any CPU.ActiveCfg = Debug|Any CPU
		{9340ECEC-DCF9-462E-97D7-A315B146689C}.Debug|Any CPU.Build.0 = Debug|Any CPU
		{9340ECEC-DCF9-462E-97D7-A315B146689C}.Debug|Mixed Platforms.ActiveCfg = Debug|Any CPU
		{9340ECEC-DCF9-462E-97D7-A315B146689C}.Debug|Mixed Platforms.Build.0 = Debug|Any CPU
		{9340ECEC-DCF9-462E-97D7-A315B146689C}.Debug|Win32.ActiveCfg = Debug|Any CPU
		{9340ECEC-DCF9-462E-97D7-A315B146689C}.Release|Any CPU.ActiveCfg = Release|Any CPU
		{9340ECEC-DCF9-462E-97D7-A315B146689C}.Release|Any CPU.Build.0 = Release|Any CPU
		{9340ECEC-DCF9-462E-97D7-A315B146689C}.Release|Mixed Platforms.ActiveCfg = Release|Any CPU
		{9340ECEC-DCF9-462E-97D7-A315B146689C}.Release|Mixed Platforms.Build.0 = Release|Any CPU
		{9340ECEC-DCF9-462E-97D7-A315B146689C}.Release|Win32.ActiveCfg = Release|Any CPU
		{459916BD-7353-4738-B6B0-8F29989AE5A6}.Debug|Any CPU.ActiveCfg = Debug|Any CPU
		{459916BD-7353-4738-B6B0-8F29989AE5A6}.Debug|Any CPU.Build.0 = Debug|Any CPU
		{459916BD-7353-4738-B6B0-8F29989AE5A6}.Debug|Mixed Platforms.ActiveCfg = Debug|Any CPU
		{459916BD-7353-4738-B6B0-8F29989AE5A6}.Debug|Mixed Platforms.Build.0 = Debug|Any CPU
		{459916BD-7353-4738-B6B0-8F29989AE5A6}.Debug|Win32.ActiveCfg = Debug|Any CPU
		{459916BD-7353-4738-B6B0-8F29989AE5A6}.Release|Any CPU.ActiveCfg = Release|Any CPU
		{459916BD-7353-4738-B6B0-8F29989AE5A6}.Release|Any CPU.Build.0 = Release|Any CPU
		{459916BD-7353-4738-B6B0-8F29989AE5A6}.Release|Mixed Platforms.ActiveCfg = Release|Any CPU
		{459916BD-7353-4738-B6B0-8F29989AE5A6}.Release|Mixed Platforms.Build.0 = Release|Any CPU
		{459916BD-7353-4738-B6B0-8F29989AE5A6}.Release|Win32.ActiveCfg = Release|Any CPU
		{0751253C-883D-4436-BBF4-0C56C553F850}.Debug|Any CPU.ActiveCfg = Debug|Any CPU
		{0751253C-883D-4436-BBF4-0C56C553F850}.Debug|Any CPU.Build.0 = Debug|Any CPU
		{0751253C-883D-4436-BBF4-0C56C553F850}.Debug|Mixed Platforms.ActiveCfg = Debug|Any CPU
		{0751253C-883D-4436-BBF4-0C56C553F850}.Debug|Mixed Platforms.Build.0 = Debug|Any CPU
		{0751253C-883D-4436-BBF4-0C56C553F850}.Debug|Win32.ActiveCfg = Debug|Any CPU
		{0751253C-883D-4436-BBF4-0C56C553F850}.Release|Any CPU.ActiveCfg = Release|Any CPU
		{0751253C-883D-4436-BBF4-0C56C553F850}.Release|Any CPU.Build.0 = Release|Any CPU
		{0751253C-883D-4436-BBF4-0C56C553F850}.Release|Mixed Platforms.ActiveCfg = Release|Any CPU
		{0751253C-883D-4436-BBF4-0C56C553F850}.Release|Mixed Platforms.Build.0 = Release|Any CPU
		{0751253C-883D-4436-BBF4-0C56C553F850}.Release|Win32.ActiveCfg = Release|Any CPU
		{2DA06952-5061-493B-A2FF-F6C9A3235CCD}.Debug|Any CPU.ActiveCfg = Debug|Any CPU
		{2DA06952-5061-493B-A2FF-F6C9A3235CCD}.Debug|Any CPU.Build.0 = Debug|Any CPU
		{2DA06952-5061-493B-A2FF-F6C9A3235CCD}.Debug|Mixed Platforms.ActiveCfg = Debug|Any CPU
		{2DA06952-5061-493B-A2FF-F6C9A3235CCD}.Debug|Mixed Platforms.Build.0 = Debug|Any CPU
		{2DA06952-5061-493B-A2FF-F6C9A3235CCD}.Debug|Win32.ActiveCfg = Debug|Any CPU
		{2DA06952-5061-493B-A2FF-F6C9A3235CCD}.Release|Any CPU.ActiveCfg = Release|Any CPU
		{2DA06952-5061-493B-A2FF-F6C9A3235CCD}.Release|Any CPU.Build.0 = Release|Any CPU
		{2DA06952-5061-493B-A2FF-F6C9A3235CCD}.Release|Mixed Platforms.ActiveCfg = Release|Any CPU
		{2DA06952-5061-493B-A2FF-F6C9A3235CCD}.Release|Mixed Platforms.Build.0 = Release|Any CPU
		{2DA06952-5061-493B-A2FF-F6C9A3235CCD}.Release|Win32.ActiveCfg = Release|Any CPU
		{5F13A047-5F47-40BD-A4D0-85B4FC130C97}.Debug|Any CPU.ActiveCfg = Debug|Any CPU
		{5F13A047-5F47-40BD-A4D0-85B4FC130C97}.Debug|Any CPU.Build.0 = Debug|Any CPU
		{5F13A047-5F47-40BD-A4D0-85B4FC130C97}.Debug|Mixed Platforms.ActiveCfg = Debug|Any CPU
		{5F13A047-5F47-40BD-A4D0-85B4FC130C97}.Debug|Mixed Platforms.Build.0 = Debug|Any CPU
		{5F13A047-5F47-40BD-A4D0-85B4FC130C97}.Debug|Win32.ActiveCfg = Debug|Any CPU
		{5F13A047-5F47-40BD-A4D0-85B4FC130C97}.Debug|Win32.Build.0 = Debug|Any CPU
		{5F13A047-5F47-40BD-A4D0-85B4FC130C97}.Release|Any CPU.ActiveCfg = Release|Any CPU
		{5F13A047-5F47-40BD-A4D0-85B4FC130C97}.Release|Any CPU.Build.0 = Release|Any CPU
		{5F13A047-5F47-40BD-A4D0-85B4FC130C97}.Release|Mixed Platforms.ActiveCfg = Release|Any CPU
		{5F13A047-5F47-40BD-A4D0-85B4FC130C97}.Release|Mixed Platforms.Build.0 = Release|Any CPU
		{5F13A047-5F47-40BD-A4D0-85B4FC130C97}.Release|Win32.ActiveCfg = Release|Any CPU
		{5F13A047-5F47-40BD-A4D0-85B4FC130C97}.Release|Win32.Build.0 = Release|Any CPU
	EndGlobalSection
	GlobalSection(SolutionProperties) = preSolution
		HideSolutionNode = FALSE
	EndGlobalSection
EndGlobal
