Microsoft Visual Studio Solution File, Format Version 9.00
# Visual Studio 2005
Project("{F14B399A-7131-4C87-9E4B-1186C45EF12D}") = "SQLsecureReportsProject", "SQLsecureReportsProject.rptproj", "{D7A9BAB5-DEDE-4189-9A58-017279CDD5D4}"
EndProject
Global
	GlobalSection(SourceCodeControl) = preSolution
		SccNumberOfProjects = 2
		SccLocalPath0 = .
		SccProjectUniqueName1 = SQLsecureReportsProject.rptproj
		SccLocalPath1 = .
	EndGlobalSection
	GlobalSection(SolutionConfigurationPlatforms) = preSolution
		Debug|Default = Debug|Default
		DebugLocal|Default = DebugLocal|Default
		Production|Default = Production|Default
	EndGlobalSection
	GlobalSection(ProjectConfigurationPlatforms) = postSolution
		{D7A9BAB5-DEDE-4189-9A58-017279CDD5D4}.Debug|Default.ActiveCfg = Debug
		{D7A9BAB5-DEDE-4189-9A58-017279CDD5D4}.Debug|Default.Build.0 = Debug
		{D7A9BAB5-DEDE-4189-9A58-017279CDD5D4}.Debug|Default.Deploy.0 = Debug
		{D7A9BAB5-DEDE-4189-9A58-017279CDD5D4}.DebugLocal|Default.ActiveCfg = DebugLocal
		{D7A9BAB5-DEDE-4189-9A58-017279CDD5D4}.DebugLocal|Default.Build.0 = DebugLocal
		{D7A9BAB5-DEDE-4189-9A58-017279CDD5D4}.Production|Default.ActiveCfg = Production
		{D7A9BAB5-DEDE-4189-9A58-017279CDD5D4}.Production|Default.Build.0 = Production
		{D7A9BAB5-DEDE-4189-9A58-017279CDD5D4}.Production|Default.Deploy.0 = Production
	EndGlobalSection
	GlobalSection(SolutionProperties) = preSolution
		HideSolutionNode = FALSE
	EndGlobalSection
EndGlobal
